
Microsoft Visual Studio Solution File, Format Version 12.00
# Visual Studio 15
VisualStudioVersion = 15.0.26124.0
MinimumVisualStudioVersion = 15.0.26124.0
Project("{2150E333-8FDC-42A3-9474-1A3956D46DE8}") = "External", "External", "{631C976C-CC16-4FFC-BF34-E46DCC167AB7}"
EndProject
Project("{2150E333-8FDC-42A3-9474-1A3956D46DE8}") = "NVorbis", "NVorbis", "{A07CE9B3-C2A7-44C9-BA63-BE69FC7AEB44}"
EndProject
Project("{FAE04EC0-301F-11D3-BF4B-00C04F79EFBC}") = "NVorbis.Core", "External\NVorbis\NVorbis\NVorbis.Core.csproj", "{337F8E1A-4F73-4068-B2BC-476AA0579A73}"
EndProject
Project("{FAE04EC0-301F-11D3-BF4B-00C04F79EFBC}") = "Vox", "Vox\Vox.csproj", "{0A593EC0-3BBF-4554-A191-2D4769CABEEF}"
EndProject
Project("{FAE04EC0-301F-11D3-BF4B-00C04F79EFBC}") = "Tests", "Tests\Tests.csproj", "{FF619295-CB23-414E-8902-3BE2816765AB}"
EndProject
Project("{2150E333-8FDC-42A3-9474-1A3956D46DE8}") = "OpenAL.NETCore", "OpenAL.NETCore", "{24BFA94D-6480-424E-B85A-181CB39DA0AB}"
EndProject
Project("{FAE04EC0-301F-11D3-BF4B-00C04F79EFBC}") = "OpenAL.NETCore", "External\OpenAL.NETCore\src\OpenAL.NETCore.csproj", "{1FCB31CB-F1F7-4212-966D-28BFFD99F100}"
EndProject
Project("{2150E333-8FDC-42A3-9474-1A3956D46DE8}") = "deps", "deps", "{F6BF5F54-BCFC-414C-8147-FEF6BFE04896}"
EndProject
Project("{2150E333-8FDC-42A3-9474-1A3956D46DE8}") = "nativelibraryloader", "nativelibraryloader", "{65AFA91C-FEF2-42EB-ADC6-952C9B4219BA}"
EndProject
Project("{FAE04EC0-301F-11D3-BF4B-00C04F79EFBC}") = "NativeLibraryLoader", "External\OpenAL.NETCore\deps\nativelibraryloader\NativeLibraryLoader\NativeLibraryLoader.csproj", "{5FA6612C-20DE-4405-9A7E-04381466F3B1}"
EndProject
Project("{2150E333-8FDC-42A3-9474-1A3956D46DE8}") = "Samples", "Samples", "{4F95F3D2-A11C-48E3-BFA3-952504B19D24}"
EndProject
Project("{FAE04EC0-301F-11D3-BF4B-00C04F79EFBC}") = "microphone-test", "Samples\microphone-test\microphone-test.csproj", "{722791F0-1820-4C71-898B-E3572244FC1A}"
EndProject
Global
	GlobalSection(SolutionConfigurationPlatforms) = preSolution
		Debug|Any CPU = Debug|Any CPU
		Debug|x64 = Debug|x64
		Debug|x86 = Debug|x86
		Release|Any CPU = Release|Any CPU
		Release|x64 = Release|x64
		Release|x86 = Release|x86
	EndGlobalSection
	GlobalSection(SolutionProperties) = preSolution
		HideSolutionNode = FALSE
	EndGlobalSection
	GlobalSection(ProjectConfigurationPlatforms) = postSolution
		{337F8E1A-4F73-4068-B2BC-476AA0579A73}.Debug|Any CPU.ActiveCfg = Debug|Any CPU
		{337F8E1A-4F73-4068-B2BC-476AA0579A73}.Debug|Any CPU.Build.0 = Debug|Any CPU
		{337F8E1A-4F73-4068-B2BC-476AA0579A73}.Debug|x64.ActiveCfg = Debug|Any CPU
		{337F8E1A-4F73-4068-B2BC-476AA0579A73}.Debug|x64.Build.0 = Debug|Any CPU
		{337F8E1A-4F73-4068-B2BC-476AA0579A73}.Debug|x86.ActiveCfg = Debug|Any CPU
		{337F8E1A-4F73-4068-B2BC-476AA0579A73}.Debug|x86.Build.0 = Debug|Any CPU
		{337F8E1A-4F73-4068-B2BC-476AA0579A73}.Release|Any CPU.ActiveCfg = Release|Any CPU
		{337F8E1A-4F73-4068-B2BC-476AA0579A73}.Release|Any CPU.Build.0 = Release|Any CPU
		{337F8E1A-4F73-4068-B2BC-476AA0579A73}.Release|x64.ActiveCfg = Release|Any CPU
		{337F8E1A-4F73-4068-B2BC-476AA0579A73}.Release|x64.Build.0 = Release|Any CPU
		{337F8E1A-4F73-4068-B2BC-476AA0579A73}.Release|x86.ActiveCfg = Release|Any CPU
		{337F8E1A-4F73-4068-B2BC-476AA0579A73}.Release|x86.Build.0 = Release|Any CPU
		{9019FF9E-1D9A-4854-BB34-87DBF72EE4F1}.Debug|Any CPU.ActiveCfg = Debug|x64
		{9019FF9E-1D9A-4854-BB34-87DBF72EE4F1}.Debug|Any CPU.Build.0 = Debug|x64
		{9019FF9E-1D9A-4854-BB34-87DBF72EE4F1}.Debug|x64.ActiveCfg = Debug|x64
		{9019FF9E-1D9A-4854-BB34-87DBF72EE4F1}.Debug|x64.Build.0 = Debug|x64
		{9019FF9E-1D9A-4854-BB34-87DBF72EE4F1}.Debug|x86.ActiveCfg = Debug|x64
		{9019FF9E-1D9A-4854-BB34-87DBF72EE4F1}.Debug|x86.Build.0 = Debug|x64
		{9019FF9E-1D9A-4854-BB34-87DBF72EE4F1}.Release|Any CPU.ActiveCfg = Release|x64
		{9019FF9E-1D9A-4854-BB34-87DBF72EE4F1}.Release|Any CPU.Build.0 = Release|x64
		{9019FF9E-1D9A-4854-BB34-87DBF72EE4F1}.Release|x64.ActiveCfg = Release|x64
		{9019FF9E-1D9A-4854-BB34-87DBF72EE4F1}.Release|x64.Build.0 = Release|x64
		{9019FF9E-1D9A-4854-BB34-87DBF72EE4F1}.Release|x86.ActiveCfg = Release|x64
		{9019FF9E-1D9A-4854-BB34-87DBF72EE4F1}.Release|x86.Build.0 = Release|x64
		{0A593EC0-3BBF-4554-A191-2D4769CABEEF}.Debug|Any CPU.ActiveCfg = Debug|Any CPU
		{0A593EC0-3BBF-4554-A191-2D4769CABEEF}.Debug|Any CPU.Build.0 = Debug|Any CPU
		{0A593EC0-3BBF-4554-A191-2D4769CABEEF}.Debug|x64.ActiveCfg = Debug|Any CPU
		{0A593EC0-3BBF-4554-A191-2D4769CABEEF}.Debug|x64.Build.0 = Debug|Any CPU
		{0A593EC0-3BBF-4554-A191-2D4769CABEEF}.Debug|x86.ActiveCfg = Debug|Any CPU
		{0A593EC0-3BBF-4554-A191-2D4769CABEEF}.Debug|x86.Build.0 = Debug|Any CPU
		{0A593EC0-3BBF-4554-A191-2D4769CABEEF}.Release|Any CPU.ActiveCfg = Release|Any CPU
		{0A593EC0-3BBF-4554-A191-2D4769CABEEF}.Release|Any CPU.Build.0 = Release|Any CPU
		{0A593EC0-3BBF-4554-A191-2D4769CABEEF}.Release|x64.ActiveCfg = Release|Any CPU
		{0A593EC0-3BBF-4554-A191-2D4769CABEEF}.Release|x64.Build.0 = Release|Any CPU
		{0A593EC0-3BBF-4554-A191-2D4769CABEEF}.Release|x86.ActiveCfg = Release|Any CPU
		{0A593EC0-3BBF-4554-A191-2D4769CABEEF}.Release|x86.Build.0 = Release|Any CPU
		{FF619295-CB23-414E-8902-3BE2816765AB}.Debug|Any CPU.ActiveCfg = Debug|Any CPU
		{FF619295-CB23-414E-8902-3BE2816765AB}.Debug|Any CPU.Build.0 = Debug|Any CPU
		{FF619295-CB23-414E-8902-3BE2816765AB}.Debug|x64.ActiveCfg = Debug|Any CPU
		{FF619295-CB23-414E-8902-3BE2816765AB}.Debug|x64.Build.0 = Debug|Any CPU
		{FF619295-CB23-414E-8902-3BE2816765AB}.Debug|x86.ActiveCfg = Debug|Any CPU
		{FF619295-CB23-414E-8902-3BE2816765AB}.Debug|x86.Build.0 = Debug|Any CPU
		{FF619295-CB23-414E-8902-3BE2816765AB}.Release|Any CPU.ActiveCfg = Release|Any CPU
		{FF619295-CB23-414E-8902-3BE2816765AB}.Release|Any CPU.Build.0 = Release|Any CPU
		{FF619295-CB23-414E-8902-3BE2816765AB}.Release|x64.ActiveCfg = Release|Any CPU
		{FF619295-CB23-414E-8902-3BE2816765AB}.Release|x64.Build.0 = Release|Any CPU
		{FF619295-CB23-414E-8902-3BE2816765AB}.Release|x86.ActiveCfg = Release|Any CPU
		{FF619295-CB23-414E-8902-3BE2816765AB}.Release|x86.Build.0 = Release|Any CPU
		{1FCB31CB-F1F7-4212-966D-28BFFD99F100}.Debug|Any CPU.ActiveCfg = Debug|Any CPU
		{1FCB31CB-F1F7-4212-966D-28BFFD99F100}.Debug|Any CPU.Build.0 = Debug|Any CPU
		{1FCB31CB-F1F7-4212-966D-28BFFD99F100}.Debug|x64.ActiveCfg = Debug|Any CPU
		{1FCB31CB-F1F7-4212-966D-28BFFD99F100}.Debug|x64.Build.0 = Debug|Any CPU
		{1FCB31CB-F1F7-4212-966D-28BFFD99F100}.Debug|x86.ActiveCfg = Debug|Any CPU
		{1FCB31CB-F1F7-4212-966D-28BFFD99F100}.Debug|x86.Build.0 = Debug|Any CPU
		{1FCB31CB-F1F7-4212-966D-28BFFD99F100}.Release|Any CPU.ActiveCfg = Release|Any CPU
		{1FCB31CB-F1F7-4212-966D-28BFFD99F100}.Release|Any CPU.Build.0 = Release|Any CPU
		{1FCB31CB-F1F7-4212-966D-28BFFD99F100}.Release|x64.ActiveCfg = Release|Any CPU
		{1FCB31CB-F1F7-4212-966D-28BFFD99F100}.Release|x64.Build.0 = Release|Any CPU
		{1FCB31CB-F1F7-4212-966D-28BFFD99F100}.Release|x86.ActiveCfg = Release|Any CPU
		{1FCB31CB-F1F7-4212-966D-28BFFD99F100}.Release|x86.Build.0 = Release|Any CPU
		{5FA6612C-20DE-4405-9A7E-04381466F3B1}.Debug|Any CPU.ActiveCfg = Debug|Any CPU
		{5FA6612C-20DE-4405-9A7E-04381466F3B1}.Debug|Any CPU.Build.0 = Debug|Any CPU
		{5FA6612C-20DE-4405-9A7E-04381466F3B1}.Debug|x64.ActiveCfg = Debug|Any CPU
		{5FA6612C-20DE-4405-9A7E-04381466F3B1}.Debug|x64.Build.0 = Debug|Any CPU
		{5FA6612C-20DE-4405-9A7E-04381466F3B1}.Debug|x86.ActiveCfg = Debug|Any CPU
		{5FA6612C-20DE-4405-9A7E-04381466F3B1}.Debug|x86.Build.0 = Debug|Any CPU
		{5FA6612C-20DE-4405-9A7E-04381466F3B1}.Release|Any CPU.ActiveCfg = Release|Any CPU
		{5FA6612C-20DE-4405-9A7E-04381466F3B1}.Release|Any CPU.Build.0 = Release|Any CPU
		{5FA6612C-20DE-4405-9A7E-04381466F3B1}.Release|x64.ActiveCfg = Release|Any CPU
		{5FA6612C-20DE-4405-9A7E-04381466F3B1}.Release|x64.Build.0 = Release|Any CPU
		{5FA6612C-20DE-4405-9A7E-04381466F3B1}.Release|x86.ActiveCfg = Release|Any CPU
		{5FA6612C-20DE-4405-9A7E-04381466F3B1}.Release|x86.Build.0 = Release|Any CPU
		{722791F0-1820-4C71-898B-E3572244FC1A}.Debug|Any CPU.ActiveCfg = Debug|Any CPU
		{722791F0-1820-4C71-898B-E3572244FC1A}.Debug|Any CPU.Build.0 = Debug|Any CPU
		{722791F0-1820-4C71-898B-E3572244FC1A}.Debug|x64.ActiveCfg = Debug|Any CPU
		{722791F0-1820-4C71-898B-E3572244FC1A}.Debug|x64.Build.0 = Debug|Any CPU
		{722791F0-1820-4C71-898B-E3572244FC1A}.Debug|x86.ActiveCfg = Debug|Any CPU
		{722791F0-1820-4C71-898B-E3572244FC1A}.Debug|x86.Build.0 = Debug|Any CPU
		{722791F0-1820-4C71-898B-E3572244FC1A}.Release|Any CPU.ActiveCfg = Release|Any CPU
		{722791F0-1820-4C71-898B-E3572244FC1A}.Release|Any CPU.Build.0 = Release|Any CPU
		{722791F0-1820-4C71-898B-E3572244FC1A}.Release|x64.ActiveCfg = Release|Any CPU
		{722791F0-1820-4C71-898B-E3572244FC1A}.Release|x64.Build.0 = Release|Any CPU
		{722791F0-1820-4C71-898B-E3572244FC1A}.Release|x86.ActiveCfg = Release|Any CPU
		{722791F0-1820-4C71-898B-E3572244FC1A}.Release|x86.Build.0 = Release|Any CPU
	EndGlobalSection
	GlobalSection(NestedProjects) = preSolution
		{A07CE9B3-C2A7-44C9-BA63-BE69FC7AEB44} = {631C976C-CC16-4FFC-BF34-E46DCC167AB7}
		{337F8E1A-4F73-4068-B2BC-476AA0579A73} = {A07CE9B3-C2A7-44C9-BA63-BE69FC7AEB44}
		{24BFA94D-6480-424E-B85A-181CB39DA0AB} = {631C976C-CC16-4FFC-BF34-E46DCC167AB7}
		{1FCB31CB-F1F7-4212-966D-28BFFD99F100} = {24BFA94D-6480-424E-B85A-181CB39DA0AB}
		{F6BF5F54-BCFC-414C-8147-FEF6BFE04896} = {24BFA94D-6480-424E-B85A-181CB39DA0AB}
		{65AFA91C-FEF2-42EB-ADC6-952C9B4219BA} = {F6BF5F54-BCFC-414C-8147-FEF6BFE04896}
		{5FA6612C-20DE-4405-9A7E-04381466F3B1} = {65AFA91C-FEF2-42EB-ADC6-952C9B4219BA}
		{722791F0-1820-4C71-898B-E3572244FC1A} = {4F95F3D2-A11C-48E3-BFA3-952504B19D24}
	EndGlobalSection
EndGlobal
